
Microsoft Visual Studio Solution File, Format Version 12.00
# Visual Studio Version 16
VisualStudioVersion = 16.0.32126.315
MinimumVisualStudioVersion = 10.0.40219.1
Project("{FAE04EC0-301F-11D3-BF4B-00C04F79EFBC}") = "SolutionSecrets.Core", "SolutionSecrets.Core\SolutionSecrets.Core.csproj", "{9BD4318C-8905-4FFC-8C2C-D7408925D48A}"
EndProject
Project("{FAE04EC0-301F-11D3-BF4B-00C04F79EFBC}") = "SolutionSecrets2019", "SolutionSecrets2019\SolutionSecrets2019.csproj", "{ECD5533D-15C5-4D28-9EFE-1BAE4D9C093B}"
EndProject
Global
	GlobalSection(SolutionConfigurationPlatforms) = preSolution
		Debug|Any CPU = Debug|Any CPU
		Release|Any CPU = Release|Any CPU
	EndGlobalSection
	GlobalSection(ProjectConfigurationPlatforms) = postSolution
		{9BD4318C-8905-4FFC-8C2C-D7408925D48A}.Debug|Any CPU.ActiveCfg = Debug|Any CPU
		{9BD4318C-8905-4FFC-8C2C-D7408925D48A}.Debug|Any CPU.Build.0 = Debug|Any CPU
		{9BD4318C-8905-4FFC-8C2C-D7408925D48A}.Release|Any CPU.ActiveCfg = Release|Any CPU
		{9BD4318C-8905-4FFC-8C2C-D7408925D48A}.Release|Any CPU.Build.0 = Release|Any CPU
		{ECD5533D-15C5-4D28-9EFE-1BAE4D9C093B}.Debug|Any CPU.ActiveCfg = Debug|Any CPU
		{ECD5533D-15C5-4D28-9EFE-1BAE4D9C093B}.Debug|Any CPU.Build.0 = Debug|Any CPU
		{ECD5533D-15C5-4D28-9EFE-1BAE4D9C093B}.Release|Any CPU.ActiveCfg = Release|Any CPU
		{ECD5533D-15C5-4D28-9EFE-1BAE4D9C093B}.Release|Any CPU.Build.0 = Release|Any CPU
	EndGlobalSection
	GlobalSection(SolutionProperties) = preSolution
		HideSolutionNode = FALSE
	EndGlobalSection
	GlobalSection(ExtensibilityGlobals) = postSolution
		SolutionGuid = {F3263167-5773-4113-9D41-BF4F086F33A4}
	EndGlobalSection
EndGlobal
